// !$*UTF8*$!
{
	archiveVersion = 1;
	classes = {
	};
	objectVersion = 46;
	objects = {

/* Begin PBXBuildFile section */
		9EBAF55418D3D9330033C11C /* Foundation.framework in Frameworks */ = {isa = PBXBuildFile; fileRef = 9EBAF55318D3D9330033C11C /* Foundation.framework */; };
		9EBAF55618D3D9330033C11C /* CoreGraphics.framework in Frameworks */ = {isa = PBXBuildFile; fileRef = 9EBAF55518D3D9330033C11C /* CoreGraphics.framework */; };
		9EBAF55818D3D9330033C11C /* UIKit.framework in Frameworks */ = {isa = PBXBuildFile; fileRef = 9EBAF55718D3D9330033C11C /* UIKit.framework */; };
		9EBAF55E18D3D9330033C11C /* InfoPlist.strings in Resources */ = {isa = PBXBuildFile; fileRef = 9EBAF55C18D3D9330033C11C /* InfoPlist.strings */; };
		9EBAF56018D3D9330033C11C /* main.m in Sources */ = {isa = PBXBuildFile; fileRef = 9EBAF55F18D3D9330033C11C /* main.m */; };
		9EBAF56418D3D9330033C11C /* AppDelegate.m in Sources */ = {isa = PBXBuildFile; fileRef = 9EBAF56318D3D9330033C11C /* AppDelegate.m */; };
		9EBAF56718D3D9330033C11C /* Main.storyboard in Resources */ = {isa = PBXBuildFile; fileRef = 9EBAF56518D3D9330033C11C /* Main.storyboard */; };
		9EBAF56A18D3D9330033C11C /* ViewController.m in Sources */ = {isa = PBXBuildFile; fileRef = 9EBAF56918D3D9330033C11C /* ViewController.m */; };
		9EBAF56C18D3D9330033C11C /* Images.xcassets in Resources */ = {isa = PBXBuildFile; fileRef = 9EBAF56B18D3D9330033C11C /* Images.xcassets */; };
		9EBAF57318D3D9330033C11C /* XCTest.framework in Frameworks */ = {isa = PBXBuildFile; fileRef = 9EBAF57218D3D9330033C11C /* XCTest.framework */; };
		9EBAF57418D3D9330033C11C /* Foundation.framework in Frameworks */ = {isa = PBXBuildFile; fileRef = 9EBAF55318D3D9330033C11C /* Foundation.framework */; };
		9EBAF57518D3D9330033C11C /* UIKit.framework in Frameworks */ = {isa = PBXBuildFile; fileRef = 9EBAF55718D3D9330033C11C /* UIKit.framework */; };
		9EBAF57D18D3D9330033C11C /* InfoPlist.strings in Resources */ = {isa = PBXBuildFile; fileRef = 9EBAF57B18D3D9330033C11C /* InfoPlist.strings */; };
		9EBAF57F18D3D9330033C11C /* GasMixTests.m in Sources */ = {isa = PBXBuildFile; fileRef = 9EBAF57E18D3D9330033C11C /* GasMixTests.m */; };
/* End PBXBuildFile section */

/* Begin PBXContainerItemProxy section */
		9EBAF57618D3D9330033C11C /* PBXContainerItemProxy */ = {
			isa = PBXContainerItemProxy;
			containerPortal = 9EBAF54818D3D9330033C11C /* Project object */;
			proxyType = 1;
			remoteGlobalIDString = 9EBAF54F18D3D9330033C11C;
			remoteInfo = GasMix;
		};
/* End PBXContainerItemProxy section */

/* Begin PBXFileReference section */
		9EBAF55018D3D9330033C11C /* GasMix.app */ = {isa = PBXFileReference; explicitFileType = wrapper.application; includeInIndex = 0; path = GasMix.app; sourceTree = BUILT_PRODUCTS_DIR; };
		9EBAF55318D3D9330033C11C /* Foundation.framework */ = {isa = PBXFileReference; lastKnownFileType = wrapper.framework; name = Foundation.framework; path = System/Library/Frameworks/Foundation.framework; sourceTree = SDKROOT; };
		9EBAF55518D3D9330033C11C /* CoreGraphics.framework */ = {isa = PBXFileReference; lastKnownFileType = wrapper.framework; name = CoreGraphics.framework; path = System/Library/Frameworks/CoreGraphics.framework; sourceTree = SDKROOT; };
		9EBAF55718D3D9330033C11C /* UIKit.framework */ = {isa = PBXFileReference; lastKnownFileType = wrapper.framework; name = UIKit.framework; path = System/Library/Frameworks/UIKit.framework; sourceTree = SDKROOT; };
		9EBAF55B18D3D9330033C11C /* GasMix-Info.plist */ = {isa = PBXFileReference; lastKnownFileType = text.plist.xml; path = "GasMix-Info.plist"; sourceTree = "<group>"; };
		9EBAF55D18D3D9330033C11C /* en */ = {isa = PBXFileReference; lastKnownFileType = text.plist.strings; name = en; path = en.lproj/InfoPlist.strings; sourceTree = "<group>"; };
		9EBAF55F18D3D9330033C11C /* main.m */ = {isa = PBXFileReference; lastKnownFileType = sourcecode.c.objc; path = main.m; sourceTree = "<group>"; };
		9EBAF56118D3D9330033C11C /* GasMix-Prefix.pch */ = {isa = PBXFileReference; lastKnownFileType = sourcecode.c.h; path = "GasMix-Prefix.pch"; sourceTree = "<group>"; };
		9EBAF56218D3D9330033C11C /* AppDelegate.h */ = {isa = PBXFileReference; lastKnownFileType = sourcecode.c.h; path = AppDelegate.h; sourceTree = "<group>"; };
		9EBAF56318D3D9330033C11C /* AppDelegate.m */ = {isa = PBXFileReference; lastKnownFileType = sourcecode.c.objc; path = AppDelegate.m; sourceTree = "<group>"; };
		9EBAF56618D3D9330033C11C /* Base */ = {isa = PBXFileReference; lastKnownFileType = file.storyboard; name = Base; path = Base.lproj/Main.storyboard; sourceTree = "<group>"; };
		9EBAF56818D3D9330033C11C /* ViewController.h */ = {isa = PBXFileReference; lastKnownFileType = sourcecode.c.h; path = ViewController.h; sourceTree = "<group>"; };
		9EBAF56918D3D9330033C11C /* ViewController.m */ = {isa = PBXFileReference; lastKnownFileType = sourcecode.c.objc; path = ViewController.m; sourceTree = "<group>"; };
		9EBAF56B18D3D9330033C11C /* Images.xcassets */ = {isa = PBXFileReference; lastKnownFileType = folder.assetcatalog; path = Images.xcassets; sourceTree = "<group>"; };
		9EBAF57118D3D9330033C11C /* GasMixTests.xctest */ = {isa = PBXFileReference; explicitFileType = wrapper.cfbundle; includeInIndex = 0; path = GasMixTests.xctest; sourceTree = BUILT_PRODUCTS_DIR; };
		9EBAF57218D3D9330033C11C /* XCTest.framework */ = {isa = PBXFileReference; lastKnownFileType = wrapper.framework; name = XCTest.framework; path = Library/Frameworks/XCTest.framework; sourceTree = DEVELOPER_DIR; };
		9EBAF57A18D3D9330033C11C /* GasMixTests-Info.plist */ = {isa = PBXFileReference; lastKnownFileType = text.plist.xml; path = "GasMixTests-Info.plist"; sourceTree = "<group>"; };
		9EBAF57C18D3D9330033C11C /* en */ = {isa = PBXFileReference; lastKnownFileType = text.plist.strings; name = en; path = en.lproj/InfoPlist.strings; sourceTree = "<group>"; };
		9EBAF57E18D3D9330033C11C /* GasMixTests.m */ = {isa = PBXFileReference; lastKnownFileType = sourcecode.c.objc; path = GasMixTests.m; sourceTree = "<group>"; };
/* End PBXFileReference section */

/* Begin PBXFrameworksBuildPhase section */
		9EBAF54D18D3D9330033C11C /* Frameworks */ = {
			isa = PBXFrameworksBuildPhase;
			buildActionMask = 2147483647;
			files = (
				9EBAF55618D3D9330033C11C /* CoreGraphics.framework in Frameworks */,
				9EBAF55818D3D9330033C11C /* UIKit.framework in Frameworks */,
				9EBAF55418D3D9330033C11C /* Foundation.framework in Frameworks */,
			);
			runOnlyForDeploymentPostprocessing = 0;
		};
		9EBAF56E18D3D9330033C11C /* Frameworks */ = {
			isa = PBXFrameworksBuildPhase;
			buildActionMask = 2147483647;
			files = (
				9EBAF57318D3D9330033C11C /* XCTest.framework in Frameworks */,
				9EBAF57518D3D9330033C11C /* UIKit.framework in Frameworks */,
				9EBAF57418D3D9330033C11C /* Foundation.framework in Frameworks */,
			);
			runOnlyForDeploymentPostprocessing = 0;
		};
/* End PBXFrameworksBuildPhase section */

/* Begin PBXGroup section */
		9EBAF54718D3D9330033C11C = {
			isa = PBXGroup;
			children = (
				9EBAF55918D3D9330033C11C /* GasMix */,
				9EBAF57818D3D9330033C11C /* GasMixTests */,
				9EBAF55218D3D9330033C11C /* Frameworks */,
				9EBAF55118D3D9330033C11C /* Products */,
			);
			sourceTree = "<group>";
		};
		9EBAF55118D3D9330033C11C /* Products */ = {
			isa = PBXGroup;
			children = (
				9EBAF55018D3D9330033C11C /* GasMix.app */,
				9EBAF57118D3D9330033C11C /* GasMixTests.xctest */,
			);
			name = Products;
			sourceTree = "<group>";
		};
		9EBAF55218D3D9330033C11C /* Frameworks */ = {
			isa = PBXGroup;
			children = (
				9EBAF55318D3D9330033C11C /* Foundation.framework */,
				9EBAF55518D3D9330033C11C /* CoreGraphics.framework */,
				9EBAF55718D3D9330033C11C /* UIKit.framework */,
				9EBAF57218D3D9330033C11C /* XCTest.framework */,
			);
			name = Frameworks;
			sourceTree = "<group>";
		};
		9EBAF55918D3D9330033C11C /* GasMix */ = {
			isa = PBXGroup;
			children = (
				9EBAF56218D3D9330033C11C /* AppDelegate.h */,
				9EBAF56318D3D9330033C11C /* AppDelegate.m */,
				9EBAF56518D3D9330033C11C /* Main.storyboard */,
				9EBAF56818D3D9330033C11C /* ViewController.h */,
				9EBAF56918D3D9330033C11C /* ViewController.m */,
				9EBAF56B18D3D9330033C11C /* Images.xcassets */,
				9EBAF55A18D3D9330033C11C /* Supporting Files */,
			);
			path = GasMix;
			sourceTree = "<group>";
		};
		9EBAF55A18D3D9330033C11C /* Supporting Files */ = {
			isa = PBXGroup;
			children = (
				9EBAF55B18D3D9330033C11C /* GasMix-Info.plist */,
				9EBAF55C18D3D9330033C11C /* InfoPlist.strings */,
				9EBAF55F18D3D9330033C11C /* main.m */,
				9EBAF56118D3D9330033C11C /* GasMix-Prefix.pch */,
			);
			name = "Supporting Files";
			sourceTree = "<group>";
		};
		9EBAF57818D3D9330033C11C /* GasMixTests */ = {
			isa = PBXGroup;
			children = (
				9EBAF57E18D3D9330033C11C /* GasMixTests.m */,
				9EBAF57918D3D9330033C11C /* Supporting Files */,
			);
			path = GasMixTests;
			sourceTree = "<group>";
		};
		9EBAF57918D3D9330033C11C /* Supporting Files */ = {
			isa = PBXGroup;
			children = (
				9EBAF57A18D3D9330033C11C /* GasMixTests-Info.plist */,
				9EBAF57B18D3D9330033C11C /* InfoPlist.strings */,
			);
			name = "Supporting Files";
			sourceTree = "<group>";
		};
/* End PBXGroup section */

/* Begin PBXNativeTarget section */
		9EBAF54F18D3D9330033C11C /* GasMix */ = {
			isa = PBXNativeTarget;
			buildConfigurationList = 9EBAF58218D3D9330033C11C /* Build configuration list for PBXNativeTarget "GasMix" */;
			buildPhases = (
				9EBAF54C18D3D9330033C11C /* Sources */,
				9EBAF54D18D3D9330033C11C /* Frameworks */,
				9EBAF54E18D3D9330033C11C /* Resources */,
			);
			buildRules = (
			);
			dependencies = (
			);
			name = GasMix;
			productName = GasMix;
			productReference = 9EBAF55018D3D9330033C11C /* GasMix.app */;
			productType = "com.apple.product-type.application";
		};
		9EBAF57018D3D9330033C11C /* GasMixTests */ = {
			isa = PBXNativeTarget;
			buildConfigurationList = 9EBAF58518D3D9330033C11C /* Build configuration list for PBXNativeTarget "GasMixTests" */;
			buildPhases = (
				9EBAF56D18D3D9330033C11C /* Sources */,
				9EBAF56E18D3D9330033C11C /* Frameworks */,
				9EBAF56F18D3D9330033C11C /* Resources */,
			);
			buildRules = (
			);
			dependencies = (
				9EBAF57718D3D9330033C11C /* PBXTargetDependency */,
			);
			name = GasMixTests;
			productName = GasMixTests;
			productReference = 9EBAF57118D3D9330033C11C /* GasMixTests.xctest */;
			productType = "com.apple.product-type.bundle.unit-test";
		};
/* End PBXNativeTarget section */

/* Begin PBXProject section */
		9EBAF54818D3D9330033C11C /* Project object */ = {
			isa = PBXProject;
			attributes = {
				LastUpgradeCheck = 0500;
				ORGANIZATIONNAME = ReraInc;
				TargetAttributes = {
					9EBAF57018D3D9330033C11C = {
						TestTargetID = 9EBAF54F18D3D9330033C11C;
					};
				};
			};
			buildConfigurationList = 9EBAF54B18D3D9330033C11C /* Build configuration list for PBXProject "GasMix" */;
			compatibilityVersion = "Xcode 3.2";
			developmentRegion = English;
			hasScannedForEncodings = 0;
			knownRegions = (
				en,
				Base,
			);
			mainGroup = 9EBAF54718D3D9330033C11C;
			productRefGroup = 9EBAF55118D3D9330033C11C /* Products */;
			projectDirPath = "";
			projectRoot = "";
			targets = (
				9EBAF54F18D3D9330033C11C /* GasMix */,
				9EBAF57018D3D9330033C11C /* GasMixTests */,
			);
		};
/* End PBXProject section */

/* Begin PBXResourcesBuildPhase section */
		9EBAF54E18D3D9330033C11C /* Resources */ = {
			isa = PBXResourcesBuildPhase;
			buildActionMask = 2147483647;
			files = (
				9EBAF56C18D3D9330033C11C /* Images.xcassets in Resources */,
				9EBAF55E18D3D9330033C11C /* InfoPlist.strings in Resources */,
				9EBAF56718D3D9330033C11C /* Main.storyboard in Resources */,
			);
			runOnlyForDeploymentPostprocessing = 0;
		};
		9EBAF56F18D3D9330033C11C /* Resources */ = {
			isa = PBXResourcesBuildPhase;
			buildActionMask = 2147483647;
			files = (
				9EBAF57D18D3D9330033C11C /* InfoPlist.strings in Resources */,
			);
			runOnlyForDeploymentPostprocessing = 0;
		};
/* End PBXResourcesBuildPhase section */

/* Begin PBXSourcesBuildPhase section */
		9EBAF54C18D3D9330033C11C /* Sources */ = {
			isa = PBXSourcesBuildPhase;
			buildActionMask = 2147483647;
			files = (
				9EBAF56A18D3D9330033C11C /* ViewController.m in Sources */,
				9EBAF56418D3D9330033C11C /* AppDelegate.m in Sources */,
				9EBAF56018D3D9330033C11C /* main.m in Sources */,
			);
			runOnlyForDeploymentPostprocessing = 0;
		};
		9EBAF56D18D3D9330033C11C /* Sources */ = {
			isa = PBXSourcesBuildPhase;
			buildActionMask = 2147483647;
			files = (
				9EBAF57F18D3D9330033C11C /* GasMixTests.m in Sources */,
			);
			runOnlyForDeploymentPostprocessing = 0;
		};
/* End PBXSourcesBuildPhase section */

/* Begin PBXTargetDependency section */
		9EBAF57718D3D9330033C11C /* PBXTargetDependency */ = {
			isa = PBXTargetDependency;
			target = 9EBAF54F18D3D9330033C11C /* GasMix */;
			targetProxy = 9EBAF57618D3D9330033C11C /* PBXContainerItemProxy */;
		};
/* End PBXTargetDependency section */

/* Begin PBXVariantGroup section */
		9EBAF55C18D3D9330033C11C /* InfoPlist.strings */ = {
			isa = PBXVariantGroup;
			children = (
				9EBAF55D18D3D9330033C11C /* en */,
			);
			name = InfoPlist.strings;
			sourceTree = "<group>";
		};
		9EBAF56518D3D9330033C11C /* Main.storyboard */ = {
			isa = PBXVariantGroup;
			children = (
				9EBAF56618D3D9330033C11C /* Base */,
			);
			name = Main.storyboard;
			sourceTree = "<group>";
		};
		9EBAF57B18D3D9330033C11C /* InfoPlist.strings */ = {
			isa = PBXVariantGroup;
			children = (
				9EBAF57C18D3D9330033C11C /* en */,
			);
			name = InfoPlist.strings;
			sourceTree = "<group>";
		};
/* End PBXVariantGroup section */

/* Begin XCBuildConfiguration section */
		9EBAF58018D3D9330033C11C /* Debug */ = {
			isa = XCBuildConfiguration;
			buildSettings = {
				ALWAYS_SEARCH_USER_PATHS = NO;
				ARCHS = "$(ARCHS_STANDARD_INCLUDING_64_BIT)";
				CLANG_CXX_LANGUAGE_STANDARD = "gnu++0x";
				CLANG_CXX_LIBRARY = "libc++";
				CLANG_ENABLE_MODULES = YES;
				CLANG_ENABLE_OBJC_ARC = YES;
				CLANG_WARN_BOOL_CONVERSION = YES;
				CLANG_WARN_CONSTANT_CONVERSION = YES;
				CLANG_WARN_DIRECT_OBJC_ISA_USAGE = YES_ERROR;
				CLANG_WARN_EMPTY_BODY = YES;
				CLANG_WARN_ENUM_CONVERSION = YES;
				CLANG_WARN_INT_CONVERSION = YES;
				CLANG_WARN_OBJC_ROOT_CLASS = YES_ERROR;
				CLANG_WARN__DUPLICATE_METHOD_MATCH = YES;
				"CODE_SIGN_IDENTITY[sdk=iphoneos*]" = "iPhone Developer";
				COPY_PHASE_STRIP = NO;
				GCC_C_LANGUAGE_STANDARD = gnu99;
				GCC_DYNAMIC_NO_PIC = NO;
				GCC_OPTIMIZATION_LEVEL = 0;
				GCC_PREPROCESSOR_DEFINITIONS = (
					"DEBUG=1",
					"$(inherited)",
				);
				GCC_SYMBOLS_PRIVATE_EXTERN = NO;
				GCC_WARN_64_TO_32_BIT_CONVERSION = YES;
				GCC_WARN_ABOUT_RETURN_TYPE = YES_ERROR;
				GCC_WARN_UNDECLARED_SELECTOR = YES;
				GCC_WARN_UNINITIALIZED_AUTOS = YES;
				GCC_WARN_UNUSED_FUNCTION = YES;
				GCC_WARN_UNUSED_VARIABLE = YES;
				IPHONEOS_DEPLOYMENT_TARGET = 7.0;
				ONLY_ACTIVE_ARCH = YES;
				SDKROOT = iphoneos;
			};
			name = Debug;
		};
		9EBAF58118D3D9330033C11C /* Release */ = {
			isa = XCBuildConfiguration;
			buildSettings = {
				ALWAYS_SEARCH_USER_PATHS = NO;
				ARCHS = "$(ARCHS_STANDARD_INCLUDING_64_BIT)";
				CLANG_CXX_LANGUAGE_STANDARD = "gnu++0x";
				CLANG_CXX_LIBRARY = "libc++";
				CLANG_ENABLE_MODULES = YES;
				CLANG_ENABLE_OBJC_ARC = YES;
				CLANG_WARN_BOOL_CONVERSION = YES;
				CLANG_WARN_CONSTANT_CONVERSION = YES;
				CLANG_WARN_DIRECT_OBJC_ISA_USAGE = YES_ERROR;
				CLANG_WARN_EMPTY_BODY = YES;
				CLANG_WARN_ENUM_CONVERSION = YES;
				CLANG_WARN_INT_CONVERSION = YES;
				CLANG_WARN_OBJC_ROOT_CLASS = YES_ERROR;
				CLANG_WARN__DUPLICATE_METHOD_MATCH = YES;
				"CODE_SIGN_IDENTITY[sdk=iphoneos*]" = "iPhone Developer";
				COPY_PHASE_STRIP = YES;
				ENABLE_NS_ASSERTIONS = NO;
				GCC_C_LANGUAGE_STANDARD = gnu99;
				GCC_WARN_64_TO_32_BIT_CONVERSION = YES;
				GCC_WARN_ABOUT_RETURN_TYPE = YES_ERROR;
				GCC_WARN_UNDECLARED_SELECTOR = YES;
				GCC_WARN_UNINITIALIZED_AUTOS = YES;
				GCC_WARN_UNUSED_FUNCTION = YES;
				GCC_WARN_UNUSED_VARIABLE = YES;
				IPHONEOS_DEPLOYMENT_TARGET = 7.0;
				SDKROOT = iphoneos;
				VALIDATE_PRODUCT = YES;
			};
			name = Release;
		};
		9EBAF58318D3D9330033C11C /* Debug */ = {
			isa = XCBuildConfiguration;
			buildSettings = {
				ASSETCATALOG_COMPILER_APPICON_NAME = AppIcon;
				ASSETCATALOG_COMPILER_LAUNCHIMAGE_NAME = LaunchImage;
				GCC_PRECOMPILE_PREFIX_HEADER = YES;
				GCC_PREFIX_HEADER = "GasMix/GasMix-Prefix.pch";
				INFOPLIST_FILE = "GasMix/GasMix-Info.plist";
				PRODUCT_NAME = "$(TARGET_NAME)";
				WRAPPER_EXTENSION = app;
			};
			name = Debug;
		};
		9EBAF58418D3D9330033C11C /* Release */ = {
			isa = XCBuildConfiguration;
			buildSettings = {
				ASSETCATALOG_COMPILER_APPICON_NAME = AppIcon;
				ASSETCATALOG_COMPILER_LAUNCHIMAGE_NAME = LaunchImage;
				GCC_PRECOMPILE_PREFIX_HEADER = YES;
				GCC_PREFIX_HEADER = "GasMix/GasMix-Prefix.pch";
				INFOPLIST_FILE = "GasMix/GasMix-Info.plist";
				PRODUCT_NAME = "$(TARGET_NAME)";
				WRAPPER_EXTENSION = app;
			};
			name = Release;
		};
		9EBAF58618D3D9330033C11C /* Debug */ = {
			isa = XCBuildConfiguration;
			buildSettings = {
				ARCHS = "$(ARCHS_STANDARD_INCLUDING_64_BIT)";
				BUNDLE_LOADER = "$(BUILT_PRODUCTS_DIR)/GasMix.app/GasMix";
				FRAMEWORK_SEARCH_PATHS = (
					"$(SDKROOT)/Developer/Library/Frameworks",
					"$(inherited)",
					"$(DEVELOPER_FRAMEWORKS_DIR)",
				);
				GCC_PRECOMPILE_PREFIX_HEADER = YES;
				GCC_PREFIX_HEADER = "GasMix/GasMix-Prefix.pch";
				GCC_PREPROCESSOR_DEFINITIONS = (
					"DEBUG=1",
					"$(inherited)",
				);
				INFOPLIST_FILE = "GasMixTests/GasMixTests-Info.plist";
				PRODUCT_NAME = "$(TARGET_NAME)";
				TEST_HOST = "$(BUNDLE_LOADER)";
				WRAPPER_EXTENSION = xctest;
			};
			name = Debug;
		};
		9EBAF58718D3D9330033C11C /* Release */ = {
			isa = XCBuildConfiguration;
			buildSettings = {
				ARCHS = "$(ARCHS_STANDARD_INCLUDING_64_BIT)";
				BUNDLE_LOADER = "$(BUILT_PRODUCTS_DIR)/GasMix.app/GasMix";
				FRAMEWORK_SEARCH_PATHS = (
					"$(SDKROOT)/Developer/Library/Frameworks",
					"$(inherited)",
					"$(DEVELOPER_FRAMEWORKS_DIR)",
				);
				GCC_PRECOMPILE_PREFIX_HEADER = YES;
				GCC_PREFIX_HEADER = "GasMix/GasMix-Prefix.pch";
				INFOPLIST_FILE = "GasMixTests/GasMixTests-Info.plist";
				PRODUCT_NAME = "$(TARGET_NAME)";
				TEST_HOST = "$(BUNDLE_LOADER)";
				WRAPPER_EXTENSION = xctest;
			};
			name = Release;
		};
/* End XCBuildConfiguration section */

/* Begin XCConfigurationList section */
		9EBAF54B18D3D9330033C11C /* Build configuration list for PBXProject "GasMix" */ = {
			isa = XCConfigurationList;
			buildConfigurations = (
				9EBAF58018D3D9330033C11C /* Debug */,
				9EBAF58118D3D9330033C11C /* Release */,
			);
			defaultConfigurationIsVisible = 0;
			defaultConfigurationName = Release;
		};
		9EBAF58218D3D9330033C11C /* Build configuration list for PBXNativeTarget "GasMix" */ = {
			isa = XCConfigurationList;
			buildConfigurations = (
				9EBAF58318D3D9330033C11C /* Debug */,
				9EBAF58418D3D9330033C11C /* Release */,
			);
			defaultConfigurationIsVisible = 0;
		};
		9EBAF58518D3D9330033C11C /* Build configuration list for PBXNativeTarget "GasMixTests" */ = {
			isa = XCConfigurationList;
			buildConfigurations = (
				9EBAF58618D3D9330033C11C /* Debug */,
				9EBAF58718D3D9330033C11C /* Release */,
			);
			defaultConfigurationIsVisible = 0;
		};
/* End XCConfigurationList section */
	};
	rootObject = 9EBAF54818D3D9330033C11C /* Project object */;
}
